
Microsoft Visual Studio Solution File, Format Version 12.00
# Visual Studio Version 16
VisualStudioVersion = 25.0.1706.14
MinimumVisualStudioVersion = 10.0.40219.1
Project("{FAE04EC0-301F-11D3-BF4B-00C04F79EFBC}") = "idefny", "idefny\idefny.csproj", "{22C3EA20-6F2C-44EC-9E4C-E9D979CAD732}"
EndProject
Global
	GlobalSection(SolutionConfigurationPlatforms) = preSolution
		Debug|Any CPU = Debug|Any CPU
		Release|Any CPU = Release|Any CPU
	EndGlobalSection
	GlobalSection(ProjectConfigurationPlatforms) = postSolution
		{22C3EA20-6F2C-44EC-9E4C-E9D979CAD732}.Debug|Any CPU.ActiveCfg = Debug|Any CPU
		{22C3EA20-6F2C-44EC-9E4C-E9D979CAD732}.Debug|Any CPU.Build.0 = Debug|Any CPU
		{22C3EA20-6F2C-44EC-9E4C-E9D979CAD732}.Release|Any CPU.ActiveCfg = Release|Any CPU
		{22C3EA20-6F2C-44EC-9E4C-E9D979CAD732}.Release|Any CPU.Build.0 = Release|Any CPU
	EndGlobalSection
	GlobalSection(SolutionProperties) = preSolution
		HideSolutionNode = FALSE
	EndGlobalSection
	GlobalSection(ExtensibilityGlobals) = postSolution
		SolutionGuid = {28BF2D33-240F-43B8-9380-A05A22243DBC}
	EndGlobalSection
EndGlobal
